
Microsoft Visual Studio Solution File, Format Version 12.00
# Visual Studio Version 17
VisualStudioVersion = 17.11.35327.3
MinimumVisualStudioVersion = 10.0.40219.1
Project("{9A19103F-16F7-4668-BE54-9A1E7A4F7556}") = "EliteKit.Vehicle.Blazor", "Station\EliteKit.Vehicle.Blazor\EliteKit.Vehicle.Blazor.csproj", "{D6E70F37-9E0D-4732-AB3A-AC60542E76DC}"
EndProject
Project("{9A19103F-16F7-4668-BE54-9A1E7A4F7556}") = "EliteKit.Serve", "Library\EliteKit.Serve\EliteKit.Serve.csproj", "{1D984C1A-E8B4-48C9-933B-9671EB829741}"
EndProject
Project("{2150E333-8FDC-42A3-9474-1A3956D46DE8}") = "lib", "lib", "{CF20522C-3F48-4BA6-8D7C-67ACDBF59DDE}"
EndProject
Project("{2150E333-8FDC-42A3-9474-1A3956D46DE8}") = "srv", "srv", "{667AE1C3-5473-4F23-8B25-521CF3DE0A30}"
EndProject
Project("{9A19103F-16F7-4668-BE54-9A1E7A4F7556}") = "EliteKit.Serve.Loader", "Library\EliteKit.Serve.Loader\EliteKit.Serve.Loader.csproj", "{84A3EEEB-E749-4588-9A42-D97B01F9C5EA}"
EndProject
Global
	GlobalSection(SolutionConfigurationPlatforms) = preSolution
		Debug|Any CPU = Debug|Any CPU
		Release|Any CPU = Release|Any CPU
	EndGlobalSection
	GlobalSection(ProjectConfigurationPlatforms) = postSolution
		{D6E70F37-9E0D-4732-AB3A-AC60542E76DC}.Debug|Any CPU.ActiveCfg = Debug|Any CPU
		{D6E70F37-9E0D-4732-AB3A-AC60542E76DC}.Debug|Any CPU.Build.0 = Debug|Any CPU
		{D6E70F37-9E0D-4732-AB3A-AC60542E76DC}.Release|Any CPU.ActiveCfg = Release|Any CPU
		{D6E70F37-9E0D-4732-AB3A-AC60542E76DC}.Release|Any CPU.Build.0 = Release|Any CPU
		{1D984C1A-E8B4-48C9-933B-9671EB829741}.Debug|Any CPU.ActiveCfg = Debug|Any CPU
		{1D984C1A-E8B4-48C9-933B-9671EB829741}.Debug|Any CPU.Build.0 = Debug|Any CPU
		{1D984C1A-E8B4-48C9-933B-9671EB829741}.Release|Any CPU.ActiveCfg = Release|Any CPU
		{1D984C1A-E8B4-48C9-933B-9671EB829741}.Release|Any CPU.Build.0 = Release|Any CPU
		{84A3EEEB-E749-4588-9A42-D97B01F9C5EA}.Debug|Any CPU.ActiveCfg = Debug|Any CPU
		{84A3EEEB-E749-4588-9A42-D97B01F9C5EA}.Debug|Any CPU.Build.0 = Debug|Any CPU
		{84A3EEEB-E749-4588-9A42-D97B01F9C5EA}.Release|Any CPU.ActiveCfg = Release|Any CPU
		{84A3EEEB-E749-4588-9A42-D97B01F9C5EA}.Release|Any CPU.Build.0 = Release|Any CPU
	EndGlobalSection
	GlobalSection(SolutionProperties) = preSolution
		HideSolutionNode = FALSE
	EndGlobalSection
	GlobalSection(NestedProjects) = preSolution
		{D6E70F37-9E0D-4732-AB3A-AC60542E76DC} = {667AE1C3-5473-4F23-8B25-521CF3DE0A30}
		{1D984C1A-E8B4-48C9-933B-9671EB829741} = {CF20522C-3F48-4BA6-8D7C-67ACDBF59DDE}
		{CF20522C-3F48-4BA6-8D7C-67ACDBF59DDE} = {667AE1C3-5473-4F23-8B25-521CF3DE0A30}
		{84A3EEEB-E749-4588-9A42-D97B01F9C5EA} = {CF20522C-3F48-4BA6-8D7C-67ACDBF59DDE}
	EndGlobalSection
	GlobalSection(ExtensibilityGlobals) = postSolution
		SolutionGuid = {FB484C3B-3576-43D2-907C-716FB2B507FF}
	EndGlobalSection
EndGlobal
