
Microsoft Visual Studio Solution File, Format Version 12.00
# Visual Studio Version 17
VisualStudioVersion = 17.11.35327.3
MinimumVisualStudioVersion = 10.0.40219.1
Project("{9A19103F-16F7-4668-BE54-9A1E7A4F7556}") = "EliteKit.Vehicle.Blazor", "Station\EliteKit.Vehicle.Blazor\EliteKit.Vehicle.Blazor.csproj", "{D6E70F37-9E0D-4732-AB3A-AC60542E76DC}"
EndProject
Project("{2150E333-8FDC-42A3-9474-1A3956D46DE8}") = "srv", "srv", "{667AE1C3-5473-4F23-8B25-521CF3DE0A30}"
EndProject
Project("{FAE04EC0-301F-11D3-BF4B-00C04F79EFBC}") = "EliteKit.Domain.HumanResources", "Module\EliteKit.Domain.HumanResources\EliteKit.Domain.HumanResources.csproj", "{0F809CDF-33EF-4A9C-B48C-61606366783E}"
EndProject
Project("{FAE04EC0-301F-11D3-BF4B-00C04F79EFBC}") = "EliteKit.Infrastructure.Core", "Module\EliteKit.Infrastructure.Core\EliteKit.Infrastructure.Core.csproj", "{AE8E0BAC-08C8-4FE2-BA36-6D3262169022}"
EndProject
Project("{FAE04EC0-301F-11D3-BF4B-00C04F79EFBC}") = "EliteKit.Application.Registration", "Module\EliteKit.Application.Registration\EliteKit.Application.Registration.csproj", "{A78F7BEF-4573-49D3-B7CB-FAC3854E8A17}"
EndProject
Project("{FAE04EC0-301F-11D3-BF4B-00C04F79EFBC}") = "EliteKit.Infrastructure.Serve", "Module\EliteKit.Infrastructure.Serve\EliteKit.Infrastructure.Serve.csproj", "{A979919E-7878-497F-9416-B993079FB637}"
EndProject
Global
	GlobalSection(SolutionConfigurationPlatforms) = preSolution
		Debug|Any CPU = Debug|Any CPU
		Release|Any CPU = Release|Any CPU
	EndGlobalSection
	GlobalSection(ProjectConfigurationPlatforms) = postSolution
		{D6E70F37-9E0D-4732-AB3A-AC60542E76DC}.Debug|Any CPU.ActiveCfg = Debug|Any CPU
		{D6E70F37-9E0D-4732-AB3A-AC60542E76DC}.Debug|Any CPU.Build.0 = Debug|Any CPU
		{D6E70F37-9E0D-4732-AB3A-AC60542E76DC}.Release|Any CPU.ActiveCfg = Release|Any CPU
		{D6E70F37-9E0D-4732-AB3A-AC60542E76DC}.Release|Any CPU.Build.0 = Release|Any CPU
		{0F809CDF-33EF-4A9C-B48C-61606366783E}.Debug|Any CPU.ActiveCfg = Debug|Any CPU
		{0F809CDF-33EF-4A9C-B48C-61606366783E}.Debug|Any CPU.Build.0 = Debug|Any CPU
		{0F809CDF-33EF-4A9C-B48C-61606366783E}.Release|Any CPU.ActiveCfg = Release|Any CPU
		{0F809CDF-33EF-4A9C-B48C-61606366783E}.Release|Any CPU.Build.0 = Release|Any CPU
		{AE8E0BAC-08C8-4FE2-BA36-6D3262169022}.Debug|Any CPU.ActiveCfg = Debug|Any CPU
		{AE8E0BAC-08C8-4FE2-BA36-6D3262169022}.Debug|Any CPU.Build.0 = Debug|Any CPU
		{AE8E0BAC-08C8-4FE2-BA36-6D3262169022}.Release|Any CPU.ActiveCfg = Release|Any CPU
		{AE8E0BAC-08C8-4FE2-BA36-6D3262169022}.Release|Any CPU.Build.0 = Release|Any CPU
		{A78F7BEF-4573-49D3-B7CB-FAC3854E8A17}.Debug|Any CPU.ActiveCfg = Debug|Any CPU
		{A78F7BEF-4573-49D3-B7CB-FAC3854E8A17}.Debug|Any CPU.Build.0 = Debug|Any CPU
		{A78F7BEF-4573-49D3-B7CB-FAC3854E8A17}.Release|Any CPU.ActiveCfg = Release|Any CPU
		{A78F7BEF-4573-49D3-B7CB-FAC3854E8A17}.Release|Any CPU.Build.0 = Release|Any CPU
		{A979919E-7878-497F-9416-B993079FB637}.Debug|Any CPU.ActiveCfg = Debug|Any CPU
		{A979919E-7878-497F-9416-B993079FB637}.Debug|Any CPU.Build.0 = Debug|Any CPU
		{A979919E-7878-497F-9416-B993079FB637}.Release|Any CPU.ActiveCfg = Release|Any CPU
		{A979919E-7878-497F-9416-B993079FB637}.Release|Any CPU.Build.0 = Release|Any CPU
	EndGlobalSection
	GlobalSection(SolutionProperties) = preSolution
		HideSolutionNode = FALSE
	EndGlobalSection
	GlobalSection(NestedProjects) = preSolution
		{D6E70F37-9E0D-4732-AB3A-AC60542E76DC} = {667AE1C3-5473-4F23-8B25-521CF3DE0A30}
		{0F809CDF-33EF-4A9C-B48C-61606366783E} = {667AE1C3-5473-4F23-8B25-521CF3DE0A30}
		{AE8E0BAC-08C8-4FE2-BA36-6D3262169022} = {667AE1C3-5473-4F23-8B25-521CF3DE0A30}
		{A78F7BEF-4573-49D3-B7CB-FAC3854E8A17} = {667AE1C3-5473-4F23-8B25-521CF3DE0A30}
		{A979919E-7878-497F-9416-B993079FB637} = {667AE1C3-5473-4F23-8B25-521CF3DE0A30}
	EndGlobalSection
	GlobalSection(ExtensibilityGlobals) = postSolution
		SolutionGuid = {FB484C3B-3576-43D2-907C-716FB2B507FF}
	EndGlobalSection
EndGlobal
